{
  "name": "windows-workerd-keep-alive-repro",
  "lockfileVersion": 3,
  "requires": true,
  "packages": {
    "": {
      "devDependencies": {
        "workerd": "^1.20240223.1"
      }
    },
    "node_modules/@cloudflare/workerd-darwin-64": {
      "version": "1.20240223.1",
      "resolved": "https://registry.npmjs.org/@cloudflare/workerd-darwin-64/-/workerd-darwin-64-1.20240223.1.tgz",
      "integrity": "sha512-GgHnvkazLFZ7bmR96+dTX0+WS13a+5CHOOP3qNUSR9oEnR4hHzpNIO75MuZsm9RPAXrvtT7nSJmYwiGCZXh6og==",
      "cpu": [
        "x64"
      ],
      "dev": true,
      "optional": true,
      "os": [
        "darwin"
      ],
      "engines": {
        "node": ">=16"
      }
    },
    "node_modules/@cloudflare/workerd-darwin-arm64": {
      "version": "1.20240223.1",
      "resolved": "https://registry.npmjs.org/@cloudflare/workerd-darwin-arm64/-/workerd-darwin-arm64-1.20240223.1.tgz",
      "integrity": "sha512-ZF98vUmVlC0EVEd3RRuhMq4HYWFcqmPtMIMPUN2+ivEHR92TE+6E/AvdeE6wcE7fKHQ+fk3dH+ZgB0GcfptfnA==",
      "cpu": [
        "arm64"
      ],
      "dev": true,
      "optional": true,
      "os": [
        "darwin"
      ],
      "engines": {
        "node": ">=16"
      }
    },
    "node_modules/@cloudflare/workerd-linux-64": {
      "version": "1.20240223.1",
      "resolved": "https://registry.npmjs.org/@cloudflare/workerd-linux-64/-/workerd-linux-64-1.20240223.1.tgz",
      "integrity": "sha512-1kH41ewNTGMmAk2zUX0Xj9VSfidl26GQ0ZrWMdi5kwf6gAHd3oVWNigJN078Jx56SgQxNcqVGX1LunqF949asw==",
      "cpu": [
        "x64"
      ],
      "dev": true,
      "optional": true,
      "os": [
        "linux"
      ],
      "engines": {
        "node": ">=16"
      }
    },
    "node_modules/@cloudflare/workerd-linux-arm64": {
      "version": "1.20240223.1",
      "resolved": "https://registry.npmjs.org/@cloudflare/workerd-linux-arm64/-/workerd-linux-arm64-1.20240223.1.tgz",
      "integrity": "sha512-Ro8Og5C4evh890JrRm0B8sHyumRtgL+mUqPeNcEsyG45jAQy5xHpapHnmJAMJV6ah+zDc1cZtQq+en39SojXvQ==",
      "cpu": [
        "arm64"
      ],
      "dev": true,
      "optional": true,
      "os": [
        "linux"
      ],
      "engines": {
        "node": ">=16"
      }
    },
    "node_modules/@cloudflare/workerd-windows-64": {
      "version": "1.20240223.1",
      "resolved": "https://registry.npmjs.org/@cloudflare/workerd-windows-64/-/workerd-windows-64-1.20240223.1.tgz",
      "integrity": "sha512-eNP5sfaP6WL07DaoigYou5ASPF7jHsFiNzzD2vGOI7yFd5sPlb7sJ4SpIy+BCX0LdqFnjmlUo5Xr+/I6qJ2Nww==",
      "cpu": [
        "x64"
      ],
      "dev": true,
      "optional": true,
      "os": [
        "win32"
      ],
      "engines": {
        "node": ">=16"
      }
    },
    "node_modules/workerd": {
      "version": "1.20240223.1",
      "resolved": "https://registry.npmjs.org/workerd/-/workerd-1.20240223.1.tgz",
      "integrity": "sha512-Mo1fwdp6DLva4/fWdL09ZdYllkO45I4YpWG5PbF/YUGFlu2aMk24fmU6Pd6fo5/cWek4F+n3LmYEKKHfqjiJIA==",
      "dev": true,
      "hasInstallScript": true,
      "bin": {
        "workerd": "bin/workerd"
      },
      "engines": {
        "node": ">=16"
      },
      "optionalDependencies": {
        "@cloudflare/workerd-darwin-64": "1.20240223.1",
        "@cloudflare/workerd-darwin-arm64": "1.20240223.1",
        "@cloudflare/workerd-linux-64": "1.20240223.1",
        "@cloudflare/workerd-linux-arm64": "1.20240223.1",
        "@cloudflare/workerd-windows-64": "1.20240223.1"
      }
    }
  }
}
